
Microsoft Visual Studio Solution File, Format Version 12.00
# Visual Studio Version 16
VisualStudioVersion = 16.0.30104.148
MinimumVisualStudioVersion = 10.0.40219.1
Project("{FAE04EC0-301F-11D3-BF4B-00C04F79EFBC}") = "Nelilaskin", "Nelilaskin\Nelilaskin.csproj", "{BFEE553E-EF68-4F56-B216-EDC3FEA72D96}"
EndProject
Global
	GlobalSection(SolutionConfigurationPlatforms) = preSolution
		Debug|Any CPU = Debug|Any CPU
		Release|Any CPU = Release|Any CPU
	EndGlobalSection
	GlobalSection(ProjectConfigurationPlatforms) = postSolution
		{BFEE553E-EF68-4F56-B216-EDC3FEA72D96}.Debug|Any CPU.ActiveCfg = Debug|Any CPU
		{BFEE553E-EF68-4F56-B216-EDC3FEA72D96}.Debug|Any CPU.Build.0 = Debug|Any CPU
		{BFEE553E-EF68-4F56-B216-EDC3FEA72D96}.Release|Any CPU.ActiveCfg = Release|Any CPU
		{BFEE553E-EF68-4F56-B216-EDC3FEA72D96}.Release|Any CPU.Build.0 = Release|Any CPU
	EndGlobalSection
	GlobalSection(SolutionProperties) = preSolution
		HideSolutionNode = FALSE
	EndGlobalSection
	GlobalSection(ExtensibilityGlobals) = postSolution
		SolutionGuid = {1022C58A-31DA-45BC-8ED5-3E76684D2ED4}
	EndGlobalSection
EndGlobal
