
Microsoft Visual Studio Solution File, Format Version 12.00
# Visual Studio Version 16
VisualStudioVersion = 16.0.30104.148
MinimumVisualStudioVersion = 10.0.40219.1
Project("{FAE04EC0-301F-11D3-BF4B-00C04F79EFBC}") = "ProHoleOy", "ProHoleOy\ProHoleOy.csproj", "{7C3D0E21-1AA2-4727-98C7-B7A13A56B204}"
EndProject
Project("{FAE04EC0-301F-11D3-BF4B-00C04F79EFBC}") = "Kirjautumislomake", "Kirjautumislomake\Kirjautumislomake.csproj", "{B4FD06D9-0F0F-454D-81C8-0DAEAC4EF927}"
EndProject
Global
	GlobalSection(SolutionConfigurationPlatforms) = preSolution
		Debug|Any CPU = Debug|Any CPU
		Release|Any CPU = Release|Any CPU
	EndGlobalSection
	GlobalSection(ProjectConfigurationPlatforms) = postSolution
		{7C3D0E21-1AA2-4727-98C7-B7A13A56B204}.Debug|Any CPU.ActiveCfg = Debug|Any CPU
		{7C3D0E21-1AA2-4727-98C7-B7A13A56B204}.Debug|Any CPU.Build.0 = Debug|Any CPU
		{7C3D0E21-1AA2-4727-98C7-B7A13A56B204}.Release|Any CPU.ActiveCfg = Release|Any CPU
		{7C3D0E21-1AA2-4727-98C7-B7A13A56B204}.Release|Any CPU.Build.0 = Release|Any CPU
		{B4FD06D9-0F0F-454D-81C8-0DAEAC4EF927}.Debug|Any CPU.ActiveCfg = Debug|Any CPU
		{B4FD06D9-0F0F-454D-81C8-0DAEAC4EF927}.Debug|Any CPU.Build.0 = Debug|Any CPU
		{B4FD06D9-0F0F-454D-81C8-0DAEAC4EF927}.Release|Any CPU.ActiveCfg = Release|Any CPU
		{B4FD06D9-0F0F-454D-81C8-0DAEAC4EF927}.Release|Any CPU.Build.0 = Release|Any CPU
	EndGlobalSection
	GlobalSection(SolutionProperties) = preSolution
		HideSolutionNode = FALSE
	EndGlobalSection
	GlobalSection(ExtensibilityGlobals) = postSolution
		SolutionGuid = {76DA7D4F-3FCC-47EF-A58F-45794E2AA7F4}
	EndGlobalSection
EndGlobal
